
Microsoft Visual Studio Solution File, Format Version 12.00
# Visual Studio Version 16
VisualStudioVersion = 16.0.31424.327
MinimumVisualStudioVersion = 10.0.40219.1
Project("{FAE04EC0-301F-11D3-BF4B-00C04F79EFBC}") = "Pruebasdos.UWP", "Pruebasdos\Pruebasdos.UWP\Pruebasdos.UWP.csproj", "{ED87DE5A-20C5-48D7-B4EB-5998F3F8C807}"
EndProject
Project("{FAE04EC0-301F-11D3-BF4B-00C04F79EFBC}") = "Pruebasdos.Android", "Pruebasdos\Pruebasdos.Android\Pruebasdos.Android.csproj", "{D8F585DD-081D-4C31-AFE0-670BE9A21214}"
EndProject
Project("{FAE04EC0-301F-11D3-BF4B-00C04F79EFBC}") = "Pruebasdos.iOS", "Pruebasdos\Pruebasdos.iOS\Pruebasdos.iOS.csproj", "{C382AF07-839A-45CD-9E61-B5C62EC0144A}"
EndProject
Project("{FAE04EC0-301F-11D3-BF4B-00C04F79EFBC}") = "Pruebasdos", "Pruebasdos\Pruebasdos\Pruebasdos.csproj", "{CC641DDA-09CF-417A-8207-8A134EF459B8}"
EndProject
Global
	GlobalSection(SolutionConfigurationPlatforms) = preSolution
		Debug|Any CPU = Debug|Any CPU
		Debug|ARM = Debug|ARM
		Debug|iPhone = Debug|iPhone
		Debug|iPhoneSimulator = Debug|iPhoneSimulator
		Debug|x64 = Debug|x64
		Debug|x86 = Debug|x86
		Release|Any CPU = Release|Any CPU
		Release|ARM = Release|ARM
		Release|iPhone = Release|iPhone
		Release|iPhoneSimulator = Release|iPhoneSimulator
		Release|x64 = Release|x64
		Release|x86 = Release|x86
	EndGlobalSection
	GlobalSection(ProjectConfigurationPlatforms) = postSolution
		{ED87DE5A-20C5-48D7-B4EB-5998F3F8C807}.Debug|Any CPU.ActiveCfg = Debug|x64
		{ED87DE5A-20C5-48D7-B4EB-5998F3F8C807}.Debug|Any CPU.Build.0 = Debug|x64
		{ED87DE5A-20C5-48D7-B4EB-5998F3F8C807}.Debug|Any CPU.Deploy.0 = Debug|x64
		{ED87DE5A-20C5-48D7-B4EB-5998F3F8C807}.Debug|ARM.ActiveCfg = Debug|ARM
		{ED87DE5A-20C5-48D7-B4EB-5998F3F8C807}.Debug|ARM.Build.0 = Debug|ARM
		{ED87DE5A-20C5-48D7-B4EB-5998F3F8C807}.Debug|ARM.Deploy.0 = Debug|ARM
		{ED87DE5A-20C5-48D7-B4EB-5998F3F8C807}.Debug|iPhone.ActiveCfg = Debug|x86
		{ED87DE5A-20C5-48D7-B4EB-5998F3F8C807}.Debug|iPhone.Build.0 = Debug|x86
		{ED87DE5A-20C5-48D7-B4EB-5998F3F8C807}.Debug|iPhone.Deploy.0 = Debug|x86
		{ED87DE5A-20C5-48D7-B4EB-5998F3F8C807}.Debug|iPhoneSimulator.ActiveCfg = Debug|x86
		{ED87DE5A-20C5-48D7-B4EB-5998F3F8C807}.Debug|iPhoneSimulator.Build.0 = Debug|x86
		{ED87DE5A-20C5-48D7-B4EB-5998F3F8C807}.Debug|iPhoneSimulator.Deploy.0 = Debug|x86
		{ED87DE5A-20C5-48D7-B4EB-5998F3F8C807}.Debug|x64.ActiveCfg = Debug|x64
		{ED87DE5A-20C5-48D7-B4EB-5998F3F8C807}.Debug|x64.Build.0 = Debug|x64
		{ED87DE5A-20C5-48D7-B4EB-5998F3F8C807}.Debug|x64.Deploy.0 = Debug|x64
		{ED87DE5A-20C5-48D7-B4EB-5998F3F8C807}.Debug|x86.ActiveCfg = Debug|x86
		{ED87DE5A-20C5-48D7-B4EB-5998F3F8C807}.Debug|x86.Build.0 = Debug|x86
		{ED87DE5A-20C5-48D7-B4EB-5998F3F8C807}.Debug|x86.Deploy.0 = Debug|x86
		{ED87DE5A-20C5-48D7-B4EB-5998F3F8C807}.Release|Any CPU.ActiveCfg = Release|x86
		{ED87DE5A-20C5-48D7-B4EB-5998F3F8C807}.Release|Any CPU.Build.0 = Release|x86
		{ED87DE5A-20C5-48D7-B4EB-5998F3F8C807}.Release|Any CPU.Deploy.0 = Release|x86
		{ED87DE5A-20C5-48D7-B4EB-5998F3F8C807}.Release|ARM.ActiveCfg = Release|ARM
		{ED87DE5A-20C5-48D7-B4EB-5998F3F8C807}.Release|ARM.Build.0 = Release|ARM
		{ED87DE5A-20C5-48D7-B4EB-5998F3F8C807}.Release|ARM.Deploy.0 = Release|ARM
		{ED87DE5A-20C5-48D7-B4EB-5998F3F8C807}.Release|iPhone.ActiveCfg = Release|x86
		{ED87DE5A-20C5-48D7-B4EB-5998F3F8C807}.Release|iPhone.Build.0 = Release|x86
		{ED87DE5A-20C5-48D7-B4EB-5998F3F8C807}.Release|iPhone.Deploy.0 = Release|x86
		{ED87DE5A-20C5-48D7-B4EB-5998F3F8C807}.Release|iPhoneSimulator.ActiveCfg = Release|x86
		{ED87DE5A-20C5-48D7-B4EB-5998F3F8C807}.Release|iPhoneSimulator.Build.0 = Release|x86
		{ED87DE5A-20C5-48D7-B4EB-5998F3F8C807}.Release|iPhoneSimulator.Deploy.0 = Release|x86
		{ED87DE5A-20C5-48D7-B4EB-5998F3F8C807}.Release|x64.ActiveCfg = Release|x64
		{ED87DE5A-20C5-48D7-B4EB-5998F3F8C807}.Release|x64.Build.0 = Release|x64
		{ED87DE5A-20C5-48D7-B4EB-5998F3F8C807}.Release|x64.Deploy.0 = Release|x64
		{ED87DE5A-20C5-48D7-B4EB-5998F3F8C807}.Release|x86.ActiveCfg = Release|x86
		{ED87DE5A-20C5-48D7-B4EB-5998F3F8C807}.Release|x86.Build.0 = Release|x86
		{ED87DE5A-20C5-48D7-B4EB-5998F3F8C807}.Release|x86.Deploy.0 = Release|x86
		{D8F585DD-081D-4C31-AFE0-670BE9A21214}.Debug|Any CPU.ActiveCfg = Debug|Any CPU
		{D8F585DD-081D-4C31-AFE0-670BE9A21214}.Debug|Any CPU.Build.0 = Debug|Any CPU
		{D8F585DD-081D-4C31-AFE0-670BE9A21214}.Debug|Any CPU.Deploy.0 = Debug|Any CPU
		{D8F585DD-081D-4C31-AFE0-670BE9A21214}.Debug|ARM.ActiveCfg = Debug|Any CPU
		{D8F585DD-081D-4C31-AFE0-670BE9A21214}.Debug|ARM.Build.0 = Debug|Any CPU
		{D8F585DD-081D-4C31-AFE0-670BE9A21214}.Debug|ARM.Deploy.0 = Debug|Any CPU
		{D8F585DD-081D-4C31-AFE0-670BE9A21214}.Debug|iPhone.ActiveCfg = Debug|Any CPU
		{D8F585DD-081D-4C31-AFE0-670BE9A21214}.Debug|iPhone.Build.0 = Debug|Any CPU
		{D8F585DD-081D-4C31-AFE0-670BE9A21214}.Debug|iPhone.Deploy.0 = Debug|Any CPU
		{D8F585DD-081D-4C31-AFE0-670BE9A21214}.Debug|iPhoneSimulator.ActiveCfg = Debug|Any CPU
		{D8F585DD-081D-4C31-AFE0-670BE9A21214}.Debug|iPhoneSimulator.Build.0 = Debug|Any CPU
		{D8F585DD-081D-4C31-AFE0-670BE9A21214}.Debug|iPhoneSimulator.Deploy.0 = Debug|Any CPU
		{D8F585DD-081D-4C31-AFE0-670BE9A21214}.Debug|x64.ActiveCfg = Debug|Any CPU
		{D8F585DD-081D-4C31-AFE0-670BE9A21214}.Debug|x64.Build.0 = Debug|Any CPU
		{D8F585DD-081D-4C31-AFE0-670BE9A21214}.Debug|x64.Deploy.0 = Debug|Any CPU
		{D8F585DD-081D-4C31-AFE0-670BE9A21214}.Debug|x86.ActiveCfg = Debug|Any CPU
		{D8F585DD-081D-4C31-AFE0-670BE9A21214}.Debug|x86.Build.0 = Debug|Any CPU
		{D8F585DD-081D-4C31-AFE0-670BE9A21214}.Debug|x86.Deploy.0 = Debug|Any CPU
		{D8F585DD-081D-4C31-AFE0-670BE9A21214}.Release|Any CPU.ActiveCfg = Release|Any CPU
		{D8F585DD-081D-4C31-AFE0-670BE9A21214}.Release|Any CPU.Build.0 = Release|Any CPU
		{D8F585DD-081D-4C31-AFE0-670BE9A21214}.Release|Any CPU.Deploy.0 = Release|Any CPU
		{D8F585DD-081D-4C31-AFE0-670BE9A21214}.Release|ARM.ActiveCfg = Release|Any CPU
		{D8F585DD-081D-4C31-AFE0-670BE9A21214}.Release|ARM.Build.0 = Release|Any CPU
		{D8F585DD-081D-4C31-AFE0-670BE9A21214}.Release|ARM.Deploy.0 = Release|Any CPU
		{D8F585DD-081D-4C31-AFE0-670BE9A21214}.Release|iPhone.ActiveCfg = Release|Any CPU
		{D8F585DD-081D-4C31-AFE0-670BE9A21214}.Release|iPhone.Build.0 = Release|Any CPU
		{D8F585DD-081D-4C31-AFE0-670BE9A21214}.Release|iPhone.Deploy.0 = Release|Any CPU
		{D8F585DD-081D-4C31-AFE0-670BE9A21214}.Release|iPhoneSimulator.ActiveCfg = Release|Any CPU
		{D8F585DD-081D-4C31-AFE0-670BE9A21214}.Release|iPhoneSimulator.Build.0 = Release|Any CPU
		{D8F585DD-081D-4C31-AFE0-670BE9A21214}.Release|iPhoneSimulator.Deploy.0 = Release|Any CPU
		{D8F585DD-081D-4C31-AFE0-670BE9A21214}.Release|x64.ActiveCfg = Release|Any CPU
		{D8F585DD-081D-4C31-AFE0-670BE9A21214}.Release|x64.Build.0 = Release|Any CPU
		{D8F585DD-081D-4C31-AFE0-670BE9A21214}.Release|x64.Deploy.0 = Release|Any CPU
		{D8F585DD-081D-4C31-AFE0-670BE9A21214}.Release|x86.ActiveCfg = Release|Any CPU
		{D8F585DD-081D-4C31-AFE0-670BE9A21214}.Release|x86.Build.0 = Release|Any CPU
		{D8F585DD-081D-4C31-AFE0-670BE9A21214}.Release|x86.Deploy.0 = Release|Any CPU
		{C382AF07-839A-45CD-9E61-B5C62EC0144A}.Debug|Any CPU.ActiveCfg = Debug|iPhoneSimulator
		{C382AF07-839A-45CD-9E61-B5C62EC0144A}.Debug|Any CPU.Build.0 = Debug|iPhoneSimulator
		{C382AF07-839A-45CD-9E61-B5C62EC0144A}.Debug|Any CPU.Deploy.0 = Debug|iPhoneSimulator
		{C382AF07-839A-45CD-9E61-B5C62EC0144A}.Debug|ARM.ActiveCfg = Debug|iPhone
		{C382AF07-839A-45CD-9E61-B5C62EC0144A}.Debug|ARM.Build.0 = Debug|iPhone
		{C382AF07-839A-45CD-9E61-B5C62EC0144A}.Debug|ARM.Deploy.0 = Debug|iPhone
		{C382AF07-839A-45CD-9E61-B5C62EC0144A}.Debug|iPhone.ActiveCfg = Debug|iPhone
		{C382AF07-839A-45CD-9E61-B5C62EC0144A}.Debug|iPhone.Build.0 = Debug|iPhone
		{C382AF07-839A-45CD-9E61-B5C62EC0144A}.Debug|iPhone.Deploy.0 = Debug|iPhone
		{C382AF07-839A-45CD-9E61-B5C62EC0144A}.Debug|iPhoneSimulator.ActiveCfg = Debug|iPhoneSimulator
		{C382AF07-839A-45CD-9E61-B5C62EC0144A}.Debug|iPhoneSimulator.Build.0 = Debug|iPhoneSimulator
		{C382AF07-839A-45CD-9E61-B5C62EC0144A}.Debug|iPhoneSimulator.Deploy.0 = Debug|iPhoneSimulator
		{C382AF07-839A-45CD-9E61-B5C62EC0144A}.Debug|x64.ActiveCfg = Debug|iPhoneSimulator
		{C382AF07-839A-45CD-9E61-B5C62EC0144A}.Debug|x64.Build.0 = Debug|iPhoneSimulator
		{C382AF07-839A-45CD-9E61-B5C62EC0144A}.Debug|x64.Deploy.0 = Debug|iPhoneSimulator
		{C382AF07-839A-45CD-9E61-B5C62EC0144A}.Debug|x86.ActiveCfg = Debug|iPhoneSimulator
		{C382AF07-839A-45CD-9E61-B5C62EC0144A}.Debug|x86.Build.0 = Debug|iPhoneSimulator
		{C382AF07-839A-45CD-9E61-B5C62EC0144A}.Debug|x86.Deploy.0 = Debug|iPhoneSimulator
		{C382AF07-839A-45CD-9E61-B5C62EC0144A}.Release|Any CPU.ActiveCfg = Release|iPhoneSimulator
		{C382AF07-839A-45CD-9E61-B5C62EC0144A}.Release|Any CPU.Build.0 = Release|iPhoneSimulator
		{C382AF07-839A-45CD-9E61-B5C62EC0144A}.Release|Any CPU.Deploy.0 = Release|iPhoneSimulator
		{C382AF07-839A-45CD-9E61-B5C62EC0144A}.Release|ARM.ActiveCfg = Release|iPhoneSimulator
		{C382AF07-839A-45CD-9E61-B5C62EC0144A}.Release|ARM.Build.0 = Release|iPhoneSimulator
		{C382AF07-839A-45CD-9E61-B5C62EC0144A}.Release|ARM.Deploy.0 = Release|iPhoneSimulator
		{C382AF07-839A-45CD-9E61-B5C62EC0144A}.Release|iPhone.ActiveCfg = Release|iPhone
		{C382AF07-839A-45CD-9E61-B5C62EC0144A}.Release|iPhone.Build.0 = Release|iPhone
		{C382AF07-839A-45CD-9E61-B5C62EC0144A}.Release|iPhone.Deploy.0 = Release|iPhone
		{C382AF07-839A-45CD-9E61-B5C62EC0144A}.Release|iPhoneSimulator.ActiveCfg = Release|iPhoneSimulator
		{C382AF07-839A-45CD-9E61-B5C62EC0144A}.Release|iPhoneSimulator.Build.0 = Release|iPhoneSimulator
		{C382AF07-839A-45CD-9E61-B5C62EC0144A}.Release|iPhoneSimulator.Deploy.0 = Release|iPhoneSimulator
		{C382AF07-839A-45CD-9E61-B5C62EC0144A}.Release|x64.ActiveCfg = Release|iPhoneSimulator
		{C382AF07-839A-45CD-9E61-B5C62EC0144A}.Release|x64.Build.0 = Release|iPhoneSimulator
		{C382AF07-839A-45CD-9E61-B5C62EC0144A}.Release|x64.Deploy.0 = Release|iPhoneSimulator
		{C382AF07-839A-45CD-9E61-B5C62EC0144A}.Release|x86.ActiveCfg = Release|iPhoneSimulator
		{C382AF07-839A-45CD-9E61-B5C62EC0144A}.Release|x86.Build.0 = Release|iPhoneSimulator
		{C382AF07-839A-45CD-9E61-B5C62EC0144A}.Release|x86.Deploy.0 = Release|iPhoneSimulator
		{CC641DDA-09CF-417A-8207-8A134EF459B8}.Debug|Any CPU.ActiveCfg = Debug|Any CPU
		{CC641DDA-09CF-417A-8207-8A134EF459B8}.Debug|Any CPU.Build.0 = Debug|Any CPU
		{CC641DDA-09CF-417A-8207-8A134EF459B8}.Debug|Any CPU.Deploy.0 = Debug|Any CPU
		{CC641DDA-09CF-417A-8207-8A134EF459B8}.Debug|ARM.ActiveCfg = Debug|Any CPU
		{CC641DDA-09CF-417A-8207-8A134EF459B8}.Debug|ARM.Build.0 = Debug|Any CPU
		{CC641DDA-09CF-417A-8207-8A134EF459B8}.Debug|ARM.Deploy.0 = Debug|Any CPU
		{CC641DDA-09CF-417A-8207-8A134EF459B8}.Debug|iPhone.ActiveCfg = Debug|Any CPU
		{CC641DDA-09CF-417A-8207-8A134EF459B8}.Debug|iPhone.Build.0 = Debug|Any CPU
		{CC641DDA-09CF-417A-8207-8A134EF459B8}.Debug|iPhone.Deploy.0 = Debug|Any CPU
		{CC641DDA-09CF-417A-8207-8A134EF459B8}.Debug|iPhoneSimulator.ActiveCfg = Debug|Any CPU
		{CC641DDA-09CF-417A-8207-8A134EF459B8}.Debug|iPhoneSimulator.Build.0 = Debug|Any CPU
		{CC641DDA-09CF-417A-8207-8A134EF459B8}.Debug|iPhoneSimulator.Deploy.0 = Debug|Any CPU
		{CC641DDA-09CF-417A-8207-8A134EF459B8}.Debug|x64.ActiveCfg = Debug|Any CPU
		{CC641DDA-09CF-417A-8207-8A134EF459B8}.Debug|x64.Build.0 = Debug|Any CPU
		{CC641DDA-09CF-417A-8207-8A134EF459B8}.Debug|x64.Deploy.0 = Debug|Any CPU
		{CC641DDA-09CF-417A-8207-8A134EF459B8}.Debug|x86.ActiveCfg = Debug|Any CPU
		{CC641DDA-09CF-417A-8207-8A134EF459B8}.Debug|x86.Build.0 = Debug|Any CPU
		{CC641DDA-09CF-417A-8207-8A134EF459B8}.Debug|x86.Deploy.0 = Debug|Any CPU
		{CC641DDA-09CF-417A-8207-8A134EF459B8}.Release|Any CPU.ActiveCfg = Release|Any CPU
		{CC641DDA-09CF-417A-8207-8A134EF459B8}.Release|Any CPU.Build.0 = Release|Any CPU
		{CC641DDA-09CF-417A-8207-8A134EF459B8}.Release|Any CPU.Deploy.0 = Release|Any CPU
		{CC641DDA-09CF-417A-8207-8A134EF459B8}.Release|ARM.ActiveCfg = Release|Any CPU
		{CC641DDA-09CF-417A-8207-8A134EF459B8}.Release|ARM.Build.0 = Release|Any CPU
		{CC641DDA-09CF-417A-8207-8A134EF459B8}.Release|ARM.Deploy.0 = Release|Any CPU
		{CC641DDA-09CF-417A-8207-8A134EF459B8}.Release|iPhone.ActiveCfg = Release|Any CPU
		{CC641DDA-09CF-417A-8207-8A134EF459B8}.Release|iPhone.Build.0 = Release|Any CPU
		{CC641DDA-09CF-417A-8207-8A134EF459B8}.Release|iPhone.Deploy.0 = Release|Any CPU
		{CC641DDA-09CF-417A-8207-8A134EF459B8}.Release|iPhoneSimulator.ActiveCfg = Release|Any CPU
		{CC641DDA-09CF-417A-8207-8A134EF459B8}.Release|iPhoneSimulator.Build.0 = Release|Any CPU
		{CC641DDA-09CF-417A-8207-8A134EF459B8}.Release|iPhoneSimulator.Deploy.0 = Release|Any CPU
		{CC641DDA-09CF-417A-8207-8A134EF459B8}.Release|x64.ActiveCfg = Release|Any CPU
		{CC641DDA-09CF-417A-8207-8A134EF459B8}.Release|x64.Build.0 = Release|Any CPU
		{CC641DDA-09CF-417A-8207-8A134EF459B8}.Release|x64.Deploy.0 = Release|Any CPU
		{CC641DDA-09CF-417A-8207-8A134EF459B8}.Release|x86.ActiveCfg = Release|Any CPU
		{CC641DDA-09CF-417A-8207-8A134EF459B8}.Release|x86.Build.0 = Release|Any CPU
		{CC641DDA-09CF-417A-8207-8A134EF459B8}.Release|x86.Deploy.0 = Release|Any CPU
	EndGlobalSection
	GlobalSection(SolutionProperties) = preSolution
		HideSolutionNode = FALSE
	EndGlobalSection
	GlobalSection(ExtensibilityGlobals) = postSolution
		SolutionGuid = {8ABB129E-B1DA-4B31-B9DD-07E94601434C}
	EndGlobalSection
EndGlobal
